
Microsoft Visual Studio Solution File, Format Version 12.00
# Visual Studio 2012
# SharpDevelop 5.1
VisualStudioVersion = 12.0.30723.0
MinimumVisualStudioVersion = 10.0.40219.1
Project("{FAE04EC0-301F-11D3-BF4B-00C04F79EFBC}") = "NorthwindDemoApp", "NorthwindDemoApp\NorthwindDemoApp.csproj", "{3DB45C04-FA7B-447C-9DBD-1EA1B8A8E28D}"
EndProject
Project("{FAE04EC0-301F-11D3-BF4B-00C04F79EFBC}") = "RepositoryLayer", "RepositoryLayer\RepositoryLayer.csproj", "{1EDD5CBB-2A45-4F08-A1A8-35C03729CC65}"
EndProject
Project("{FAE04EC0-301F-11D3-BF4B-00C04F79EFBC}") = "DataAccessLayer", "DataAccessLayer\DataAccessLayer.csproj", "{019D12A7-B0FC-4830-8AFC-DE3919132E68}"
EndProject
Global
	GlobalSection(SolutionConfigurationPlatforms) = preSolution
		Debug|Any CPU = Debug|Any CPU
		Release|Any CPU = Release|Any CPU
	EndGlobalSection
	GlobalSection(ProjectConfigurationPlatforms) = postSolution
		{3DB45C04-FA7B-447C-9DBD-1EA1B8A8E28D}.Debug|Any CPU.ActiveCfg = Debug|Any CPU
		{3DB45C04-FA7B-447C-9DBD-1EA1B8A8E28D}.Debug|Any CPU.Build.0 = Debug|Any CPU
		{3DB45C04-FA7B-447C-9DBD-1EA1B8A8E28D}.Release|Any CPU.ActiveCfg = Release|Any CPU
		{3DB45C04-FA7B-447C-9DBD-1EA1B8A8E28D}.Release|Any CPU.Build.0 = Release|Any CPU
		{1EDD5CBB-2A45-4F08-A1A8-35C03729CC65}.Debug|Any CPU.ActiveCfg = Debug|Any CPU
		{1EDD5CBB-2A45-4F08-A1A8-35C03729CC65}.Debug|Any CPU.Build.0 = Debug|Any CPU
		{1EDD5CBB-2A45-4F08-A1A8-35C03729CC65}.Release|Any CPU.ActiveCfg = Release|Any CPU
		{1EDD5CBB-2A45-4F08-A1A8-35C03729CC65}.Release|Any CPU.Build.0 = Release|Any CPU
		{019D12A7-B0FC-4830-8AFC-DE3919132E68}.Debug|Any CPU.ActiveCfg = Debug|Any CPU
		{019D12A7-B0FC-4830-8AFC-DE3919132E68}.Debug|Any CPU.Build.0 = Debug|Any CPU
		{019D12A7-B0FC-4830-8AFC-DE3919132E68}.Release|Any CPU.ActiveCfg = Release|Any CPU
		{019D12A7-B0FC-4830-8AFC-DE3919132E68}.Release|Any CPU.Build.0 = Release|Any CPU
	EndGlobalSection
	GlobalSection(SolutionProperties) = preSolution
		HideSolutionNode = FALSE
	EndGlobalSection
EndGlobal
